
Microsoft Visual Studio Solution File, Format Version 12.00
# Visual Studio Version 17
VisualStudioVersion = 17.14.36310.24
MinimumVisualStudioVersion = 10.0.40219.1
Project("{FAE04EC0-301F-11D3-BF4B-00C04F79EFBC}") = "ApiPaisesProyecto", "ApiPaisesProyecto\ApiPaisesProyecto.csproj", "{BD53ED5B-F903-42D7-8B8D-1349EC9EA156}"
EndProject
Project("{FAE04EC0-301F-11D3-BF4B-00C04F79EFBC}") = "Calculadora", "Calculadora\Calculadora.csproj", "{9B5C745A-195F-4BBC-81C1-80EC3DC08F25}"
EndProject
Project("{FAE04EC0-301F-11D3-BF4B-00C04F79EFBC}") = "EjemplosLinq", "EjemplosLinq\EjemplosLinq.csproj", "{15C023BE-EADB-46AA-86F3-2B94B774B474}"
EndProject
Global
	GlobalSection(SolutionConfigurationPlatforms) = preSolution
		Debug|Any CPU = Debug|Any CPU
		Release|Any CPU = Release|Any CPU
	EndGlobalSection
	GlobalSection(ProjectConfigurationPlatforms) = postSolution
		{BD53ED5B-F903-42D7-8B8D-1349EC9EA156}.Debug|Any CPU.ActiveCfg = Debug|Any CPU
		{BD53ED5B-F903-42D7-8B8D-1349EC9EA156}.Debug|Any CPU.Build.0 = Debug|Any CPU
		{BD53ED5B-F903-42D7-8B8D-1349EC9EA156}.Release|Any CPU.ActiveCfg = Release|Any CPU
		{BD53ED5B-F903-42D7-8B8D-1349EC9EA156}.Release|Any CPU.Build.0 = Release|Any CPU
		{9B5C745A-195F-4BBC-81C1-80EC3DC08F25}.Debug|Any CPU.ActiveCfg = Debug|Any CPU
		{9B5C745A-195F-4BBC-81C1-80EC3DC08F25}.Debug|Any CPU.Build.0 = Debug|Any CPU
		{9B5C745A-195F-4BBC-81C1-80EC3DC08F25}.Release|Any CPU.ActiveCfg = Release|Any CPU
		{9B5C745A-195F-4BBC-81C1-80EC3DC08F25}.Release|Any CPU.Build.0 = Release|Any CPU
		{15C023BE-EADB-46AA-86F3-2B94B774B474}.Debug|Any CPU.ActiveCfg = Debug|Any CPU
		{15C023BE-EADB-46AA-86F3-2B94B774B474}.Debug|Any CPU.Build.0 = Debug|Any CPU
		{15C023BE-EADB-46AA-86F3-2B94B774B474}.Release|Any CPU.ActiveCfg = Release|Any CPU
		{15C023BE-EADB-46AA-86F3-2B94B774B474}.Release|Any CPU.Build.0 = Release|Any CPU
	EndGlobalSection
	GlobalSection(SolutionProperties) = preSolution
		HideSolutionNode = FALSE
	EndGlobalSection
	GlobalSection(ExtensibilityGlobals) = postSolution
		SolutionGuid = {4019B95B-894D-4E15-9F38-61497B5B950D}
	EndGlobalSection
EndGlobal
